
Microsoft Visual Studio Solution File, Format Version 12.00
# Visual Studio 2013
VisualStudioVersion = 12.0.21005.1
MinimumVisualStudioVersion = 10.0.40219.1
Project("{FAE04EC0-301F-11D3-BF4B-00C04F79EFBC}") = "Uncas.ProxySwitcher", "Uncas.ProxySwitcher\Uncas.ProxySwitcher.csproj", "{C8554E00-E82E-49A2-9BF1-08F8CC7A335D}"
EndProject
Global
	GlobalSection(SolutionConfigurationPlatforms) = preSolution
		Debug|Any CPU = Debug|Any CPU
		Release|Any CPU = Release|Any CPU
	EndGlobalSection
	GlobalSection(ProjectConfigurationPlatforms) = postSolution
		{C8554E00-E82E-49A2-9BF1-08F8CC7A335D}.Debug|Any CPU.ActiveCfg = Debug|Any CPU
		{C8554E00-E82E-49A2-9BF1-08F8CC7A335D}.Debug|Any CPU.Build.0 = Debug|Any CPU
		{C8554E00-E82E-49A2-9BF1-08F8CC7A335D}.Release|Any CPU.ActiveCfg = Release|Any CPU
		{C8554E00-E82E-49A2-9BF1-08F8CC7A335D}.Release|Any CPU.Build.0 = Release|Any CPU
	EndGlobalSection
	GlobalSection(SolutionProperties) = preSolution
		HideSolutionNode = FALSE
	EndGlobalSection
EndGlobal
